// !$*UTF8*$!
{
    archiveVersion = 1;
    classes = {};
    objectVersion = 46;
    rootObject = __RootObject_;
    objects = {
        __RootObject_ = {
            isa = PBXProject;
            attributes = {LastUpgradeCheck = 9999;};
            buildConfigurationList = ___RootConfs_;
            compatibilityVersion = 'Xcode 3.2';
            developmentRegion = English;
            hasScannedForEncodings = 0;
            knownRegions = (en);
            mainGroup = ___RootGroup_;
            productRefGroup = ____Products_;
            projectDirPath = '';
            projectRoot = '';
            targets = (______Target_SwiftCSV, ______Target_SwiftCSVTests);
        };
        '__PBXFileRef_Package.swift' = {
            isa = PBXFileReference;
            lastKnownFileType = sourcecode.swift;
            path = 'Package.swift';
            sourceTree = '<group>';
        };
        ___RootGroup_ = {
            isa = PBXGroup;
            children = ('__PBXFileRef_Package.swift', _____Configs_, _____Sources_,  Dependencies_, _______Tests_, ____Products_);
            sourceTree = '<group>';
        };
        '__PBXFileRef_Sources/SwiftCSV/CSV.swift' = {
            name = 'CSV.swift';
            isa = PBXFileReference;
            lastKnownFileType = sourcecode.swift;
            path = 'Sources/SwiftCSV/CSV.swift';
            sourceTree = '<group>';
        };
        '__PBXFileRef_Sources/SwiftCSV/Description.swift' = {
            name = 'Description.swift';
            isa = PBXFileReference;
            lastKnownFileType = sourcecode.swift;
            path = 'Sources/SwiftCSV/Description.swift';
            sourceTree = '<group>';
        };
        '__PBXFileRef_Sources/SwiftCSV/Parser.swift' = {
            name = 'Parser.swift';
            isa = PBXFileReference;
            lastKnownFileType = sourcecode.swift;
            path = 'Sources/SwiftCSV/Parser.swift';
            sourceTree = '<group>';
        };
        '__PBXFileRef_Sources/SwiftCSV/ParserHelpers.swift' = {
            name = 'ParserHelpers.swift';
            isa = PBXFileReference;
            lastKnownFileType = sourcecode.swift;
            path = 'Sources/SwiftCSV/ParserHelpers.swift';
            sourceTree = '<group>';
        };
        '__PBXFileRef_Sources/SwiftCSV/String+Lines.swift' = {
            name = 'String+Lines.swift';
            isa = PBXFileReference;
            lastKnownFileType = sourcecode.swift;
            path = 'Sources/SwiftCSV/String+Lines.swift';
            sourceTree = '<group>';
        };
        _______Group_SwiftCSV = {
            isa = PBXGroup;
            name = 'SwiftCSV';
            sourceTree = '<group>';
            children = ('__PBXFileRef_Sources/SwiftCSV/CSV.swift', '__PBXFileRef_Sources/SwiftCSV/Description.swift', '__PBXFileRef_Sources/SwiftCSV/Parser.swift', '__PBXFileRef_Sources/SwiftCSV/ParserHelpers.swift', '__PBXFileRef_Sources/SwiftCSV/String+Lines.swift');
        };
        ______Target_SwiftCSV = {
            isa = PBXNativeTarget;
            buildConfigurationList = _______Confs_SwiftCSV;
            buildPhases = (
CompilePhase_SwiftCSV, ___LinkPhase_SwiftCSV);
            buildRules = ();
            dependencies = ();
            name = 'SwiftCSV';
            productName = SwiftCSV;
            productReference = _____Product_SwiftCSV;
            productType = 'com.apple.product-type.framework';
        };
        _____Product_SwiftCSV = {
            isa = PBXFileReference;
            explicitFileType = 'wrapper.framework';
            path = 'SwiftCSV.framework';
            sourceTree = BUILT_PRODUCTS_DIR;
        };
        CompilePhase_SwiftCSV = {
            isa = PBXSourcesBuildPhase;
            files = ('__src_cc_ref_Sources/SwiftCSV/CSV.swift', '__src_cc_ref_Sources/SwiftCSV/Description.swift', '__src_cc_ref_Sources/SwiftCSV/Parser.swift', '__src_cc_ref_Sources/SwiftCSV/ParserHelpers.swift', '__src_cc_ref_Sources/SwiftCSV/String+Lines.swift');
            runOnlyForDeploymentPostprocessing = 0;
        };
        '__src_cc_ref_Sources/SwiftCSV/CSV.swift' = {
            isa = PBXBuildFile;
            fileRef = '__PBXFileRef_Sources/SwiftCSV/CSV.swift';
        };
        '__src_cc_ref_Sources/SwiftCSV/Description.swift' = {
            isa = PBXBuildFile;
            fileRef = '__PBXFileRef_Sources/SwiftCSV/Description.swift';
        };
        '__src_cc_ref_Sources/SwiftCSV/Parser.swift' = {
            isa = PBXBuildFile;
            fileRef = '__PBXFileRef_Sources/SwiftCSV/Parser.swift';
        };
        '__src_cc_ref_Sources/SwiftCSV/ParserHelpers.swift' = {
            isa = PBXBuildFile;
            fileRef = '__PBXFileRef_Sources/SwiftCSV/ParserHelpers.swift';
        };
        '__src_cc_ref_Sources/SwiftCSV/String+Lines.swift' = {
            isa = PBXBuildFile;
            fileRef = '__PBXFileRef_Sources/SwiftCSV/String+Lines.swift';
        };
        ___LinkPhase_SwiftCSV = {
            isa = PBXFrameworksBuildPhase;
            files = ();
            runOnlyForDeploymentPostprocessing = 0;
        };
        _______Confs_SwiftCSV = {
            isa = XCConfigurationList;
            buildConfigurations = (___DebugConf_SwiftCSV, _ReleaseConf_SwiftCSV);
            defaultConfigurationIsVisible = 0;
            defaultConfigurationName = Debug;
        };
        ___DebugConf_SwiftCSV = {
            isa = XCBuildConfiguration;
            buildSettings = { ENABLE_TESTABILITY = "YES" ;  FRAMEWORK_SEARCH_PATHS = "$(PLATFORM_DIR)/Developer/Library/Frameworks" ;  INFOPLIST_FILE = "SwiftCSV.xcodeproj/SwiftCSV_Info.plist" ;  LD_RUNPATH_SEARCH_PATHS = "\"$(TOOLCHAIN_DIR)/usr/lib/swift/macosx\"" ;  LIBRARY_SEARCH_PATHS = "\"$(PROJECT_TEMP_DIR)/SymlinkLibs/\"" ;  OTHER_LDFLAGS = "\"$(inherited)\"" ;  OTHER_SWIFT_FLAGS = "\"$(inherited)\"" ;  PRODUCT_BUNDLE_IDENTIFIER = "SwiftCSV" ;  PRODUCT_MODULE_NAME = "$(TARGET_NAME:c99extidentifier)" ;  PRODUCT_NAME = "$(TARGET_NAME:c99extidentifier)" ;  SWIFT_ACTIVE_COMPILATION_CONDITIONS = "SWIFT_PACKAGE" ;  SWIFT_VERSION = "3.0" ; };
            name = Debug;
        };
        _ReleaseConf_SwiftCSV = {
            isa = XCBuildConfiguration;
            buildSettings = { ENABLE_TESTABILITY = "YES" ;  FRAMEWORK_SEARCH_PATHS = "$(PLATFORM_DIR)/Developer/Library/Frameworks" ;  INFOPLIST_FILE = "SwiftCSV.xcodeproj/SwiftCSV_Info.plist" ;  LD_RUNPATH_SEARCH_PATHS = "\"$(TOOLCHAIN_DIR)/usr/lib/swift/macosx\"" ;  LIBRARY_SEARCH_PATHS = "\"$(PROJECT_TEMP_DIR)/SymlinkLibs/\"" ;  OTHER_LDFLAGS = "\"$(inherited)\"" ;  OTHER_SWIFT_FLAGS = "\"$(inherited)\"" ;  PRODUCT_BUNDLE_IDENTIFIER = "SwiftCSV" ;  PRODUCT_MODULE_NAME = "$(TARGET_NAME:c99extidentifier)" ;  PRODUCT_NAME = "$(TARGET_NAME:c99extidentifier)" ;  SWIFT_ACTIVE_COMPILATION_CONDITIONS = "SWIFT_PACKAGE" ;  SWIFT_VERSION = "3.0" ; };
            name = Release;
        };
        __Dependency_SwiftCSV = {
            isa = PBXTargetDependency;
            target = ______Target_SwiftCSV;
        };
        '__PBXFileRef_Tests/SwiftCSVTests/CSVTests.swift' = {
            name = 'CSVTests.swift';
            isa = PBXFileReference;
            lastKnownFileType = sourcecode.swift;
            path = 'Tests/SwiftCSVTests/CSVTests.swift';
            sourceTree = '<group>';
        };
        '__PBXFileRef_Tests/SwiftCSVTests/PerformanceTest.swift' = {
            name = 'PerformanceTest.swift';
            isa = PBXFileReference;
            lastKnownFileType = sourcecode.swift;
            path = 'Tests/SwiftCSVTests/PerformanceTest.swift';
            sourceTree = '<group>';
        };
        '__PBXFileRef_Tests/SwiftCSVTests/QuotedTests.swift' = {
            name = 'QuotedTests.swift';
            isa = PBXFileReference;
            lastKnownFileType = sourcecode.swift;
            path = 'Tests/SwiftCSVTests/QuotedTests.swift';
            sourceTree = '<group>';
        };
        '__PBXFileRef_Tests/SwiftCSVTests/TSVTests.swift' = {
            name = 'TSVTests.swift';
            isa = PBXFileReference;
            lastKnownFileType = sourcecode.swift;
            path = 'Tests/SwiftCSVTests/TSVTests.swift';
            sourceTree = '<group>';
        };
        '__PBXFileRef_Tests/SwiftCSVTests/URLTests.swift' = {
            name = 'URLTests.swift';
            isa = PBXFileReference;
            lastKnownFileType = sourcecode.swift;
            path = 'Tests/SwiftCSVTests/URLTests.swift';
            sourceTree = '<group>';
        };
        _______Group_SwiftCSVTests = {
            isa = PBXGroup;
            name = 'SwiftCSVTests';
            sourceTree = '<group>';
            children = ('__PBXFileRef_Tests/SwiftCSVTests/CSVTests.swift', '__PBXFileRef_Tests/SwiftCSVTests/PerformanceTest.swift', '__PBXFileRef_Tests/SwiftCSVTests/QuotedTests.swift', '__PBXFileRef_Tests/SwiftCSVTests/TSVTests.swift', '__PBXFileRef_Tests/SwiftCSVTests/URLTests.swift');
        };
        ______Target_SwiftCSVTests = {
            isa = PBXNativeTarget;
            buildConfigurationList = _______Confs_SwiftCSVTests;
            buildPhases = (
CompilePhase_SwiftCSVTests, ___LinkPhase_SwiftCSVTests);
            buildRules = ();
            dependencies = (__Dependency_SwiftCSV);
            name = 'SwiftCSVTests';
            productName = SwiftCSVTests;
            productReference = _____Product_SwiftCSVTests;
            productType = 'com.apple.product-type.bundle.unit-test';
        };
        _____Product_SwiftCSVTests = {
            isa = PBXFileReference;
            explicitFileType = 'compiled.mach-o.wrapper.cfbundle';
            path = 'SwiftCSVTests.xctest';
            sourceTree = BUILT_PRODUCTS_DIR;
        };
        CompilePhase_SwiftCSVTests = {
            isa = PBXSourcesBuildPhase;
            files = ('__src_cc_ref_Tests/SwiftCSVTests/CSVTests.swift', '__src_cc_ref_Tests/SwiftCSVTests/PerformanceTest.swift', '__src_cc_ref_Tests/SwiftCSVTests/QuotedTests.swift', '__src_cc_ref_Tests/SwiftCSVTests/TSVTests.swift', '__src_cc_ref_Tests/SwiftCSVTests/URLTests.swift');
            runOnlyForDeploymentPostprocessing = 0;
        };
        '__src_cc_ref_Tests/SwiftCSVTests/CSVTests.swift' = {
            isa = PBXBuildFile;
            fileRef = '__PBXFileRef_Tests/SwiftCSVTests/CSVTests.swift';
        };
        '__src_cc_ref_Tests/SwiftCSVTests/PerformanceTest.swift' = {
            isa = PBXBuildFile;
            fileRef = '__PBXFileRef_Tests/SwiftCSVTests/PerformanceTest.swift';
        };
        '__src_cc_ref_Tests/SwiftCSVTests/QuotedTests.swift' = {
            isa = PBXBuildFile;
            fileRef = '__PBXFileRef_Tests/SwiftCSVTests/QuotedTests.swift';
        };
        '__src_cc_ref_Tests/SwiftCSVTests/TSVTests.swift' = {
            isa = PBXBuildFile;
            fileRef = '__PBXFileRef_Tests/SwiftCSVTests/TSVTests.swift';
        };
        '__src_cc_ref_Tests/SwiftCSVTests/URLTests.swift' = {
            isa = PBXBuildFile;
            fileRef = '__PBXFileRef_Tests/SwiftCSVTests/URLTests.swift';
        };
        ___LinkPhase_SwiftCSVTests = {
            isa = PBXFrameworksBuildPhase;
            files = (_LinkFileRef_SwiftCSV_via_SwiftCSVTests);
            runOnlyForDeploymentPostprocessing = 0;
        };
        _LinkFileRef_SwiftCSV_via_SwiftCSVTests = {
            isa = PBXBuildFile;
            fileRef = _____Product_SwiftCSV;
        };
        _______Confs_SwiftCSVTests = {
            isa = XCConfigurationList;
            buildConfigurations = (___DebugConf_SwiftCSVTests, _ReleaseConf_SwiftCSVTests);
            defaultConfigurationIsVisible = 0;
            defaultConfigurationName = Debug;
        };
        ___DebugConf_SwiftCSVTests = {
            isa = XCBuildConfiguration;
            buildSettings = { EMBEDDED_CONTENT_CONTAINS_SWIFT = "YES" ;  FRAMEWORK_SEARCH_PATHS = "$(PLATFORM_DIR)/Developer/Library/Frameworks" ;  INFOPLIST_FILE = "SwiftCSV.xcodeproj/SwiftCSVTests_Info.plist" ;  LD_RUNPATH_SEARCH_PATHS = "@loader_path/../Frameworks" ;  LIBRARY_SEARCH_PATHS = "\"$(PROJECT_TEMP_DIR)/SymlinkLibs/\"" ;  OTHER_LDFLAGS = "\"$(inherited)\"" ;  OTHER_SWIFT_FLAGS = "\"$(inherited)\"" ;  SWIFT_ACTIVE_COMPILATION_CONDITIONS = "SWIFT_PACKAGE" ;  SWIFT_VERSION = "3.0" ; };
            name = Debug;
        };
        _ReleaseConf_SwiftCSVTests = {
            isa = XCBuildConfiguration;
            buildSettings = { EMBEDDED_CONTENT_CONTAINS_SWIFT = "YES" ;  FRAMEWORK_SEARCH_PATHS = "$(PLATFORM_DIR)/Developer/Library/Frameworks" ;  INFOPLIST_FILE = "SwiftCSV.xcodeproj/SwiftCSVTests_Info.plist" ;  LD_RUNPATH_SEARCH_PATHS = "@loader_path/../Frameworks" ;  LIBRARY_SEARCH_PATHS = "\"$(PROJECT_TEMP_DIR)/SymlinkLibs/\"" ;  OTHER_LDFLAGS = "\"$(inherited)\"" ;  OTHER_SWIFT_FLAGS = "\"$(inherited)\"" ;  SWIFT_ACTIVE_COMPILATION_CONDITIONS = "SWIFT_PACKAGE" ;  SWIFT_VERSION = "3.0" ; };
            name = Release;
        };
        __Dependency_SwiftCSVTests = {
            isa = PBXTargetDependency;
            target = ______Target_SwiftCSVTests;
        };
        '__PBXFileRef_SwiftCSV.xcodeproj/Configs/Project.xcconfig' = {
            isa = PBXFileReference;
            lastKnownFileType = text.xcconfig;
            path = 'SwiftCSV.xcodeproj/Configs/Project.xcconfig';
            sourceTree = '<group>';
        };
        '__PBXFileRef_SwiftCSV.xcodeproj/Configs/Debug.xcconfig' = {
            isa = PBXFileReference;
            lastKnownFileType = text.xcconfig;
            path = 'SwiftCSV.xcodeproj/Configs/Debug.xcconfig';
            sourceTree = '<group>';
        };
        '__PBXFileRef_SwiftCSV.xcodeproj/Configs/Release.xcconfig' = {
            isa = PBXFileReference;
            lastKnownFileType = text.xcconfig;
            path = 'SwiftCSV.xcodeproj/Configs/Release.xcconfig';
            sourceTree = '<group>';
        };
        _____Configs_ = {
            isa = PBXGroup;
            children = ('__PBXFileRef_SwiftCSV.xcodeproj/Configs/Project.xcconfig', '__PBXFileRef_SwiftCSV.xcodeproj/Configs/Debug.xcconfig', '__PBXFileRef_SwiftCSV.xcodeproj/Configs/Release.xcconfig');
            name = Configs;
            sourceTree = '<group>';
        };
        _____Sources_ = {
            isa = PBXGroup;
            children = (_______Group_SwiftCSV);
            name = Sources;
            sourceTree = '<group>';
        };
        _______Tests_ = {
            isa = PBXGroup;
            children = (_______Group_SwiftCSVTests);
            name = Tests;
            sourceTree = '<group>';
        };
       TestProducts_ = {
            isa = PBXGroup;
            children = (_____Product_SwiftCSVTests);
            name = Tests;
            sourceTree = '<group>';
        };
        ____Products_ = {
            isa = PBXGroup;
            children = (TestProducts_, _____Product_SwiftCSV);
            name = Products;
            sourceTree = '<group>';
        };
        _______Debug_ = {
            isa = XCBuildConfiguration;
            baseConfigurationReference = '__PBXFileRef_SwiftCSV.xcodeproj/Configs/Debug.xcconfig';
            buildSettings = {};
            name = Debug;
        };
        _____Release_ = {
            isa = XCBuildConfiguration;
            baseConfigurationReference = '__PBXFileRef_SwiftCSV.xcodeproj/Configs/Release.xcconfig';
            buildSettings = {};
            name = Release;
        };
        ___RootConfs_ = {
            isa = XCConfigurationList;
            buildConfigurations = (_______Debug_, _____Release_);
            defaultConfigurationIsVisible = 0;
            defaultConfigurationName = Debug;
        };
    };
}
